
Microsoft Visual Studio Solution File, Format Version 12.00
# Visual Studio Version 17
VisualStudioVersion = 17.12.35506.116
MinimumVisualStudioVersion = 10.0.40219.1
Project("{FAE04EC0-301F-11D3-BF4B-00C04F79EFBC}") = "ManticoreSearch.UI", "ManticoreSearchUI\ManticoreSearch.UI.csproj", "{F80420DF-BF61-43CD-9D78-BD974F02B44F}"
EndProject
Project("{FAE04EC0-301F-11D3-BF4B-00C04F79EFBC}") = "ManticoreSearch.Business", "ManticoreSearch.Business\ManticoreSearch.Business.csproj", "{2FE5B3A5-292C-45C6-9971-DA87328FFF67}"
EndProject
Project("{FAE04EC0-301F-11D3-BF4B-00C04F79EFBC}") = "ManticoreSearch.Data", "ManticoreSearch.Data\ManticoreSearch.Data.csproj", "{B2F03256-6A3D-4AE2-9702-136581A4BE21}"
EndProject
Global
	GlobalSection(SolutionConfigurationPlatforms) = preSolution
		Debug|Any CPU = Debug|Any CPU
		Release|Any CPU = Release|Any CPU
	EndGlobalSection
	GlobalSection(ProjectConfigurationPlatforms) = postSolution
		{F80420DF-BF61-43CD-9D78-BD974F02B44F}.Debug|Any CPU.ActiveCfg = Debug|Any CPU
		{F80420DF-BF61-43CD-9D78-BD974F02B44F}.Debug|Any CPU.Build.0 = Debug|Any CPU
		{F80420DF-BF61-43CD-9D78-BD974F02B44F}.Release|Any CPU.ActiveCfg = Release|Any CPU
		{F80420DF-BF61-43CD-9D78-BD974F02B44F}.Release|Any CPU.Build.0 = Release|Any CPU
		{2FE5B3A5-292C-45C6-9971-DA87328FFF67}.Debug|Any CPU.ActiveCfg = Debug|Any CPU
		{2FE5B3A5-292C-45C6-9971-DA87328FFF67}.Debug|Any CPU.Build.0 = Debug|Any CPU
		{2FE5B3A5-292C-45C6-9971-DA87328FFF67}.Release|Any CPU.ActiveCfg = Release|Any CPU
		{2FE5B3A5-292C-45C6-9971-DA87328FFF67}.Release|Any CPU.Build.0 = Release|Any CPU
		{B2F03256-6A3D-4AE2-9702-136581A4BE21}.Debug|Any CPU.ActiveCfg = Debug|Any CPU
		{B2F03256-6A3D-4AE2-9702-136581A4BE21}.Debug|Any CPU.Build.0 = Debug|Any CPU
		{B2F03256-6A3D-4AE2-9702-136581A4BE21}.Release|Any CPU.ActiveCfg = Release|Any CPU
		{B2F03256-6A3D-4AE2-9702-136581A4BE21}.Release|Any CPU.Build.0 = Release|Any CPU
	EndGlobalSection
	GlobalSection(SolutionProperties) = preSolution
		HideSolutionNode = FALSE
	EndGlobalSection
EndGlobal
